{
  "version": 4,
  "terraform_version": "1.7.4",
  "serial": 13,
  "lineage": "498bcc61-449f-9635-3796-6d4222a70491",
  "outputs": {},
  "resources": [
    {
      "mode": "managed",
      "type": "github_branch",
      "name": "test",
      "provider": "provider[\"registry.terraform.io/integrations/github\"]",
      "instances": [
        {
          "schema_version": 0,
          "attributes": {
            "branch": "sdk",
            "etag": "W/\"d79a703f623b068dbdc400d6e715788fb31dca99b4804e717a84bd36bef09941\"",
            "id": "Github-Examples:sdk",
            "ref": "refs/heads/sdk",
            "repository": "Github-Examples",
            "sha": "307fd57452cf05e37aae6b2b835724c7c331319c",
            "source_branch": "main",
            "source_sha": "307fd57452cf05e37aae6b2b835724c7c331319c"
          },
          "sensitive_attributes": [],
          "private": "bnVsbA=="
        }
      ]
    }
  ],
  "check_results": null
}
